
Microsoft Visual Studio Solution File, Format Version 12.00
# Visual Studio Version 17
VisualStudioVersion = 17.10.35013.160
MinimumVisualStudioVersion = 10.0.40219.1
Project("{FAE04EC0-301F-11D3-BF4B-00C04F79EFBC}") = "EasyNetApps.Core", "EasyNetApps.Core\EasyNetApps.Core.csproj", "{E6BC072C-3E11-4CD4-BF62-63A9E73AE2EE}"
EndProject
Project("{FAE04EC0-301F-11D3-BF4B-00C04F79EFBC}") = "EasyNetApps.DbAccess", "EasyNetApps.DbAccess\EasyNetApps.DbAccess.csproj", "{7C705E8D-22A7-41EC-A63E-FD2A59C8EBD8}"
EndProject
Global
	GlobalSection(SolutionConfigurationPlatforms) = preSolution
		Debug|Any CPU = Debug|Any CPU
		Release|Any CPU = Release|Any CPU
	EndGlobalSection
	GlobalSection(ProjectConfigurationPlatforms) = postSolution
		{E6BC072C-3E11-4CD4-BF62-63A9E73AE2EE}.Debug|Any CPU.ActiveCfg = Debug|Any CPU
		{E6BC072C-3E11-4CD4-BF62-63A9E73AE2EE}.Debug|Any CPU.Build.0 = Debug|Any CPU
		{E6BC072C-3E11-4CD4-BF62-63A9E73AE2EE}.Release|Any CPU.ActiveCfg = Release|Any CPU
		{E6BC072C-3E11-4CD4-BF62-63A9E73AE2EE}.Release|Any CPU.Build.0 = Release|Any CPU
		{7C705E8D-22A7-41EC-A63E-FD2A59C8EBD8}.Debug|Any CPU.ActiveCfg = Debug|Any CPU
		{7C705E8D-22A7-41EC-A63E-FD2A59C8EBD8}.Debug|Any CPU.Build.0 = Debug|Any CPU
		{7C705E8D-22A7-41EC-A63E-FD2A59C8EBD8}.Release|Any CPU.ActiveCfg = Release|Any CPU
		{7C705E8D-22A7-41EC-A63E-FD2A59C8EBD8}.Release|Any CPU.Build.0 = Release|Any CPU
	EndGlobalSection
	GlobalSection(SolutionProperties) = preSolution
		HideSolutionNode = FALSE
	EndGlobalSection
	GlobalSection(ExtensibilityGlobals) = postSolution
		SolutionGuid = {376E87F5-B082-490E-B942-016F87B56DC2}
	EndGlobalSection
EndGlobal
